
Microsoft Visual Studio Solution File, Format Version 12.00
# Visual Studio 2013
VisualStudioVersion = 12.0.31101.0
MinimumVisualStudioVersion = 10.0.40219.1
Project("{FAE04EC0-301F-11D3-BF4B-00C04F79EFBC}") = "ServerForm", "ServerForm\ServerForm.csproj", "{3C341F09-10B4-4CED-B81B-DD78A5E55FCD}"
EndProject
Global
	GlobalSection(SolutionConfigurationPlatforms) = preSolution
		Debug|Any CPU = Debug|Any CPU
		Release|Any CPU = Release|Any CPU
	EndGlobalSection
	GlobalSection(ProjectConfigurationPlatforms) = postSolution
		{3C341F09-10B4-4CED-B81B-DD78A5E55FCD}.Debug|Any CPU.ActiveCfg = Debug|Any CPU
		{3C341F09-10B4-4CED-B81B-DD78A5E55FCD}.Debug|Any CPU.Build.0 = Debug|Any CPU
		{3C341F09-10B4-4CED-B81B-DD78A5E55FCD}.Release|Any CPU.ActiveCfg = Release|Any CPU
		{3C341F09-10B4-4CED-B81B-DD78A5E55FCD}.Release|Any CPU.Build.0 = Release|Any CPU
	EndGlobalSection
	GlobalSection(SolutionProperties) = preSolution
		HideSolutionNode = FALSE
	EndGlobalSection
EndGlobal
